
Microsoft Visual Studio Solution File, Format Version 12.00
# Visual Studio 15
VisualStudioVersion = 15.0.27703.2042
MinimumVisualStudioVersion = 10.0.40219.1
Project("{FAE04EC0-301F-11D3-BF4B-00C04F79EFBC}") = "WebHomeWork", "WebHomeWork\WebHomeWork.csproj", "{23EA1C91-1F84-4301-8C6A-34A3FEE64C8C}"
EndProject
Global
	GlobalSection(SolutionConfigurationPlatforms) = preSolution
		Debug|Any CPU = Debug|Any CPU
		Release|Any CPU = Release|Any CPU
	EndGlobalSection
	GlobalSection(ProjectConfigurationPlatforms) = postSolution
		{23EA1C91-1F84-4301-8C6A-34A3FEE64C8C}.Debug|Any CPU.ActiveCfg = Debug|Any CPU
		{23EA1C91-1F84-4301-8C6A-34A3FEE64C8C}.Debug|Any CPU.Build.0 = Debug|Any CPU
		{23EA1C91-1F84-4301-8C6A-34A3FEE64C8C}.Release|Any CPU.ActiveCfg = Release|Any CPU
		{23EA1C91-1F84-4301-8C6A-34A3FEE64C8C}.Release|Any CPU.Build.0 = Release|Any CPU
	EndGlobalSection
	GlobalSection(SolutionProperties) = preSolution
		HideSolutionNode = FALSE
	EndGlobalSection
	GlobalSection(ExtensibilityGlobals) = postSolution
		SolutionGuid = {D833BD7E-4DF1-4D3D-AFC0-52DDA180239E}
	EndGlobalSection
EndGlobal
